
Microsoft Visual Studio Solution File, Format Version 12.00
# Visual Studio 15
VisualStudioVersion = 15.0.34031.82
MinimumVisualStudioVersion = 10.0.40219.1
Project("{8BC9CEB8-8B4A-11D0-8D11-00A0C91BC942}") = "ex4", "ex4\ex4.vcxproj", "{507E2434-1DB7-4673-A940-0FF30D4DFD82}"
EndProject
Global
	GlobalSection(SolutionConfigurationPlatforms) = preSolution
		Debug|x64 = Debug|x64
		Debug|x86 = Debug|x86
		Release|x64 = Release|x64
		Release|x86 = Release|x86
	EndGlobalSection
	GlobalSection(ProjectConfigurationPlatforms) = postSolution
		{507E2434-1DB7-4673-A940-0FF30D4DFD82}.Debug|x64.ActiveCfg = Debug|x64
		{507E2434-1DB7-4673-A940-0FF30D4DFD82}.Debug|x64.Build.0 = Debug|x64
		{507E2434-1DB7-4673-A940-0FF30D4DFD82}.Debug|x86.ActiveCfg = Debug|Win32
		{507E2434-1DB7-4673-A940-0FF30D4DFD82}.Debug|x86.Build.0 = Debug|Win32
		{507E2434-1DB7-4673-A940-0FF30D4DFD82}.Release|x64.ActiveCfg = Release|x64
		{507E2434-1DB7-4673-A940-0FF30D4DFD82}.Release|x64.Build.0 = Release|x64
		{507E2434-1DB7-4673-A940-0FF30D4DFD82}.Release|x86.ActiveCfg = Release|Win32
		{507E2434-1DB7-4673-A940-0FF30D4DFD82}.Release|x86.Build.0 = Release|Win32
	EndGlobalSection
	GlobalSection(SolutionProperties) = preSolution
		HideSolutionNode = FALSE
	EndGlobalSection
	GlobalSection(ExtensibilityGlobals) = postSolution
		SolutionGuid = {92E2FCF5-D774-4F85-88A0-6B1E0C7A624F}
	EndGlobalSection
EndGlobal
